{
    "_readme": [
        "This file locks the dependencies of your project to a known state",
        "Read more about it at https://getcomposer.org/doc/01-basic-usage.md#installing-dependencies",
        "This file is @generated automatically"
    ],
    "content-hash": "a439292f0a9a50e8a50aabaeea066ec1",
    "packages": [
        {
            "name": "ralouphie/mimey",
            "version": "2.1.0",
            "source": {
                "type": "git",
                "url": "https://github.com/ralouphie/mimey.git",
                "reference": "8f74e6da73f9df7bd965e4e123f3d8fb9acb89ba"
            },
            "dist": {
                "type": "zip",
                "url": "https://api.github.com/repos/ralouphie/mimey/zipball/8f74e6da73f9df7bd965e4e123f3d8fb9acb89ba",
                "reference": "8f74e6da73f9df7bd965e4e123f3d8fb9acb89ba",
                "shasum": ""
            },
            "require": {
                "php": "^5.4|^7.0"
            },
            "require-dev": {
                "php-coveralls/php-coveralls": "^1.1",
                "phpunit/phpunit": "^4.8 || ^5.7 || ^6.5"
            },
            "type": "library",
            "autoload": {
                "psr-4": {
                    "Mimey\\": "src/"
                }
            },
            "notification-url": "https://packagist.org/downloads/",
            "license": [
                "MIT"
            ],
            "authors": [
                {
                    "name": "Ralph Khattar",
                    "email": "ralph.khattar@gmail.com"
                }
            ],
            "description": "PHP package for converting file extensions to MIME types and vice versa.",
            "time": "2019-03-08T08:49:03+00:00"
        }
    ],
    "packages-dev": [],
    "aliases": [],
    "minimum-stability": "stable",
    "stability-flags": [],
    "prefer-stable": false,
    "prefer-lowest": false,
    "platform": {
        "ext-ctype": "*",
        "ext-json": "*",
        "ext-pdo": "*",
        "ext-fileinfo": "*"
    },
    "platform-dev": [],
    "plugin-api-version": "1.1.0"
}
